
Microsoft Visual Studio Solution File, Format Version 12.00
# Visual Studio Version 16
VisualStudioVersion = 16.0.31205.134
MinimumVisualStudioVersion = 10.0.40219.1
Project("{FAE04EC0-301F-11D3-BF4B-00C04F79EFBC}") = "ProjetConsole", "ProjetConsole\ProjetConsole.csproj", "{31B33C5D-A3A7-489A-B45D-D5F7BB48A820}"
EndProject
Project("{FAE04EC0-301F-11D3-BF4B-00C04F79EFBC}") = "TP_CalculatriceConsole", "TP_CalculatriceConsole\TP_CalculatriceConsole.csproj", "{A99A50B3-002B-49F0-94AF-942B931A9DF6}"
EndProject
Project("{FAE04EC0-301F-11D3-BF4B-00C04F79EFBC}") = "TP_Voyelles", "TP_Voyelles\TP_Voyelles.csproj", "{E842544E-A376-416A-B4F5-94E164592511}"
EndProject
Project("{FAE04EC0-301F-11D3-BF4B-00C04F79EFBC}") = "ProjetDLL", "ProjetDLL\ProjetDLL.csproj", "{EAFE84FB-C758-4DB9-98C3-EA2D673E043F}"
EndProject
Project("{FAE04EC0-301F-11D3-BF4B-00C04F79EFBC}") = "TP_Concept_Objet", "TP_Concept_Objet\TP_Concept_Objet.csproj", "{396DD146-CE2D-42A2-A79F-28F1D135AAC0}"
EndProject
Project("{FAE04EC0-301F-11D3-BF4B-00C04F79EFBC}") = "TP_Addition_Graphique", "TP_Addition_Graphique\TP_Addition_Graphique.csproj", "{B7CE9452-176F-494E-B070-204E9B055A99}"
EndProject
Project("{FAE04EC0-301F-11D3-BF4B-00C04F79EFBC}") = "Librairie_Winform", "Librairie_Winform\Librairie_Winform.csproj", "{1CCE3337-DCBD-42FB-8629-6134255852B0}"
EndProject
Project("{FAE04EC0-301F-11D3-BF4B-00C04F79EFBC}") = "TP_Calculatrice_Graphique", "TP_Calculatrice_Graphique\TP_Calculatrice_Graphique.csproj", "{96683964-4946-43FA-AF5B-4AF36106A131}"
EndProject
Project("{FAE04EC0-301F-11D3-BF4B-00C04F79EFBC}") = "ProjetWinform", "ProjetWinform\ProjetWinform.csproj", "{3FC0A30A-E28B-46D9-AFC3-C9D016392BB5}"
EndProject
Project("{F184B08F-C81C-45F6-A57F-5ABD9991F28F}") = "ProjetDllVB", "ProjetDllVB\ProjetDllVB.vbproj", "{5FAC101F-B71E-4EF7-A93E-22DEF3E897E4}"
EndProject
Project("{FAE04EC0-301F-11D3-BF4B-00C04F79EFBC}") = "Design_Winform", "Design_Winform\Design_Winform.csproj", "{89083DA4-BF91-40D7-96D7-BD0A0648C6B3}"
EndProject
Global
	GlobalSection(SolutionConfigurationPlatforms) = preSolution
		Debug|Any CPU = Debug|Any CPU
		Release|Any CPU = Release|Any CPU
	EndGlobalSection
	GlobalSection(ProjectConfigurationPlatforms) = postSolution
		{31B33C5D-A3A7-489A-B45D-D5F7BB48A820}.Debug|Any CPU.ActiveCfg = Debug|Any CPU
		{31B33C5D-A3A7-489A-B45D-D5F7BB48A820}.Debug|Any CPU.Build.0 = Debug|Any CPU
		{31B33C5D-A3A7-489A-B45D-D5F7BB48A820}.Release|Any CPU.ActiveCfg = Release|Any CPU
		{31B33C5D-A3A7-489A-B45D-D5F7BB48A820}.Release|Any CPU.Build.0 = Release|Any CPU
		{A99A50B3-002B-49F0-94AF-942B931A9DF6}.Debug|Any CPU.ActiveCfg = Debug|Any CPU
		{A99A50B3-002B-49F0-94AF-942B931A9DF6}.Debug|Any CPU.Build.0 = Debug|Any CPU
		{A99A50B3-002B-49F0-94AF-942B931A9DF6}.Release|Any CPU.ActiveCfg = Release|Any CPU
		{A99A50B3-002B-49F0-94AF-942B931A9DF6}.Release|Any CPU.Build.0 = Release|Any CPU
		{E842544E-A376-416A-B4F5-94E164592511}.Debug|Any CPU.ActiveCfg = Debug|Any CPU
		{E842544E-A376-416A-B4F5-94E164592511}.Debug|Any CPU.Build.0 = Debug|Any CPU
		{E842544E-A376-416A-B4F5-94E164592511}.Release|Any CPU.ActiveCfg = Release|Any CPU
		{E842544E-A376-416A-B4F5-94E164592511}.Release|Any CPU.Build.0 = Release|Any CPU
		{EAFE84FB-C758-4DB9-98C3-EA2D673E043F}.Debug|Any CPU.ActiveCfg = Debug|Any CPU
		{EAFE84FB-C758-4DB9-98C3-EA2D673E043F}.Debug|Any CPU.Build.0 = Debug|Any CPU
		{EAFE84FB-C758-4DB9-98C3-EA2D673E043F}.Release|Any CPU.ActiveCfg = Release|Any CPU
		{EAFE84FB-C758-4DB9-98C3-EA2D673E043F}.Release|Any CPU.Build.0 = Release|Any CPU
		{396DD146-CE2D-42A2-A79F-28F1D135AAC0}.Debug|Any CPU.ActiveCfg = Debug|Any CPU
		{396DD146-CE2D-42A2-A79F-28F1D135AAC0}.Debug|Any CPU.Build.0 = Debug|Any CPU
		{396DD146-CE2D-42A2-A79F-28F1D135AAC0}.Release|Any CPU.ActiveCfg = Release|Any CPU
		{396DD146-CE2D-42A2-A79F-28F1D135AAC0}.Release|Any CPU.Build.0 = Release|Any CPU
		{B7CE9452-176F-494E-B070-204E9B055A99}.Debug|Any CPU.ActiveCfg = Debug|Any CPU
		{B7CE9452-176F-494E-B070-204E9B055A99}.Debug|Any CPU.Build.0 = Debug|Any CPU
		{B7CE9452-176F-494E-B070-204E9B055A99}.Release|Any CPU.ActiveCfg = Release|Any CPU
		{B7CE9452-176F-494E-B070-204E9B055A99}.Release|Any CPU.Build.0 = Release|Any CPU
		{1CCE3337-DCBD-42FB-8629-6134255852B0}.Debug|Any CPU.ActiveCfg = Debug|Any CPU
		{1CCE3337-DCBD-42FB-8629-6134255852B0}.Debug|Any CPU.Build.0 = Debug|Any CPU
		{1CCE3337-DCBD-42FB-8629-6134255852B0}.Release|Any CPU.ActiveCfg = Release|Any CPU
		{1CCE3337-DCBD-42FB-8629-6134255852B0}.Release|Any CPU.Build.0 = Release|Any CPU
		{96683964-4946-43FA-AF5B-4AF36106A131}.Debug|Any CPU.ActiveCfg = Debug|Any CPU
		{96683964-4946-43FA-AF5B-4AF36106A131}.Debug|Any CPU.Build.0 = Debug|Any CPU
		{96683964-4946-43FA-AF5B-4AF36106A131}.Release|Any CPU.ActiveCfg = Release|Any CPU
		{96683964-4946-43FA-AF5B-4AF36106A131}.Release|Any CPU.Build.0 = Release|Any CPU
		{3FC0A30A-E28B-46D9-AFC3-C9D016392BB5}.Debug|Any CPU.ActiveCfg = Debug|Any CPU
		{3FC0A30A-E28B-46D9-AFC3-C9D016392BB5}.Debug|Any CPU.Build.0 = Debug|Any CPU
		{3FC0A30A-E28B-46D9-AFC3-C9D016392BB5}.Release|Any CPU.ActiveCfg = Release|Any CPU
		{3FC0A30A-E28B-46D9-AFC3-C9D016392BB5}.Release|Any CPU.Build.0 = Release|Any CPU
		{5FAC101F-B71E-4EF7-A93E-22DEF3E897E4}.Debug|Any CPU.ActiveCfg = Debug|Any CPU
		{5FAC101F-B71E-4EF7-A93E-22DEF3E897E4}.Debug|Any CPU.Build.0 = Debug|Any CPU
		{5FAC101F-B71E-4EF7-A93E-22DEF3E897E4}.Release|Any CPU.ActiveCfg = Release|Any CPU
		{5FAC101F-B71E-4EF7-A93E-22DEF3E897E4}.Release|Any CPU.Build.0 = Release|Any CPU
		{89083DA4-BF91-40D7-96D7-BD0A0648C6B3}.Debug|Any CPU.ActiveCfg = Debug|Any CPU
		{89083DA4-BF91-40D7-96D7-BD0A0648C6B3}.Debug|Any CPU.Build.0 = Debug|Any CPU
		{89083DA4-BF91-40D7-96D7-BD0A0648C6B3}.Release|Any CPU.ActiveCfg = Release|Any CPU
		{89083DA4-BF91-40D7-96D7-BD0A0648C6B3}.Release|Any CPU.Build.0 = Release|Any CPU
	EndGlobalSection
	GlobalSection(SolutionProperties) = preSolution
		HideSolutionNode = FALSE
	EndGlobalSection
	GlobalSection(ExtensibilityGlobals) = postSolution
		SolutionGuid = {3B5A29ED-07DE-4221-B333-329A8115022D}
	EndGlobalSection
EndGlobal
