
Microsoft Visual Studio Solution File, Format Version 12.00
# Visual Studio Version 16
VisualStudioVersion = 16.0.31313.79
MinimumVisualStudioVersion = 10.0.40219.1
Project("{FAE04EC0-301F-11D3-BF4B-00C04F79EFBC}") = "Shop.Core", "Shop.Core\Shop.Core.csproj", "{FA1F523F-DF6A-4438-BE08-CD44F6A9154D}"
EndProject
Project("{FAE04EC0-301F-11D3-BF4B-00C04F79EFBC}") = "Shop.DataAccess.InMemory", "Shop.DataAccess.InMemory\Shop.DataAccess.InMemory.csproj", "{9F38DCB1-1A83-40C0-BCBA-D4BB896E6560}"
EndProject
Project("{FAE04EC0-301F-11D3-BF4B-00C04F79EFBC}") = "Shop.WebUi", "Shop.WebUi\Shop.WebUi.csproj", "{AD6D8DD5-D346-47A3-A742-51EA363784CD}"
EndProject
Project("{FAE04EC0-301F-11D3-BF4B-00C04F79EFBC}") = "Shop.DataAccess.SQL", "Shop.DataAccess.SQL\Shop.DataAccess.SQL.csproj", "{2A19E60E-2B2F-442C-BADA-CA686C367036}"
EndProject
Global
	GlobalSection(SolutionConfigurationPlatforms) = preSolution
		Debug|Any CPU = Debug|Any CPU
		Release|Any CPU = Release|Any CPU
	EndGlobalSection
	GlobalSection(ProjectConfigurationPlatforms) = postSolution
		{FA1F523F-DF6A-4438-BE08-CD44F6A9154D}.Debug|Any CPU.ActiveCfg = Debug|Any CPU
		{FA1F523F-DF6A-4438-BE08-CD44F6A9154D}.Debug|Any CPU.Build.0 = Debug|Any CPU
		{FA1F523F-DF6A-4438-BE08-CD44F6A9154D}.Release|Any CPU.ActiveCfg = Release|Any CPU
		{FA1F523F-DF6A-4438-BE08-CD44F6A9154D}.Release|Any CPU.Build.0 = Release|Any CPU
		{9F38DCB1-1A83-40C0-BCBA-D4BB896E6560}.Debug|Any CPU.ActiveCfg = Debug|Any CPU
		{9F38DCB1-1A83-40C0-BCBA-D4BB896E6560}.Debug|Any CPU.Build.0 = Debug|Any CPU
		{9F38DCB1-1A83-40C0-BCBA-D4BB896E6560}.Release|Any CPU.ActiveCfg = Release|Any CPU
		{9F38DCB1-1A83-40C0-BCBA-D4BB896E6560}.Release|Any CPU.Build.0 = Release|Any CPU
		{AD6D8DD5-D346-47A3-A742-51EA363784CD}.Debug|Any CPU.ActiveCfg = Debug|Any CPU
		{AD6D8DD5-D346-47A3-A742-51EA363784CD}.Debug|Any CPU.Build.0 = Debug|Any CPU
		{AD6D8DD5-D346-47A3-A742-51EA363784CD}.Release|Any CPU.ActiveCfg = Release|Any CPU
		{AD6D8DD5-D346-47A3-A742-51EA363784CD}.Release|Any CPU.Build.0 = Release|Any CPU
		{2A19E60E-2B2F-442C-BADA-CA686C367036}.Debug|Any CPU.ActiveCfg = Debug|Any CPU
		{2A19E60E-2B2F-442C-BADA-CA686C367036}.Debug|Any CPU.Build.0 = Debug|Any CPU
		{2A19E60E-2B2F-442C-BADA-CA686C367036}.Release|Any CPU.ActiveCfg = Release|Any CPU
		{2A19E60E-2B2F-442C-BADA-CA686C367036}.Release|Any CPU.Build.0 = Release|Any CPU
	EndGlobalSection
	GlobalSection(SolutionProperties) = preSolution
		HideSolutionNode = FALSE
	EndGlobalSection
	GlobalSection(ExtensibilityGlobals) = postSolution
		SolutionGuid = {F54195AC-4080-4076-9A9C-89EFD0EDD6C9}
	EndGlobalSection
EndGlobal
